
Microsoft Visual Studio Solution File, Format Version 12.00
# Visual Studio Version 17
VisualStudioVersion = 17.5.33424.131
MinimumVisualStudioVersion = 10.0.40219.1
Project("{E53339B2-1760-4266-BCC7-CA923CBCF16C}") = "docker-compose", "docker-compose.dcproj", "{B300E628-640B-4E10-B06E-1E2243B1B151}"
EndProject
Project("{9A19103F-16F7-4668-BE54-9A1E7A4F7556}") = "Kafka", "Shared\Kafka\Kafka.csproj", "{AC6DE513-EFF6-411D-8854-0BB351524F06}"
EndProject
Project("{2150E333-8FDC-42A3-9474-1A3956D46DE8}") = "Shared", "Shared", "{2555B47B-C2F7-4FA7-BAB1-04A51213295B}"
EndProject
Project("{2150E333-8FDC-42A3-9474-1A3956D46DE8}") = "Services", "Services", "{B2F6D9F9-AB96-4CBE-B4A3-F9843EB6FBD6}"
EndProject
Project("{9A19103F-16F7-4668-BE54-9A1E7A4F7556}") = "ListenerService", "Services\ListenerService\ListenerService.csproj", "{4E204B8D-4C28-4A3D-8977-85E243F5DD3C}"
EndProject
Project("{9A19103F-16F7-4668-BE54-9A1E7A4F7556}") = "SignalR", "Shared\SignalR\SignalR.csproj", "{2FB45980-9650-495F-9720-B9715BAFBCE9}"
EndProject
Project("{2150E333-8FDC-42A3-9474-1A3956D46DE8}") = "Identity", "Identity", "{A939D1B9-0C12-4205-BEA3-9C28BE09300E}"
EndProject
Project("{9A19103F-16F7-4668-BE54-9A1E7A4F7556}") = "Identity.API", "Services\Identity\Identity.API\Identity.API.csproj", "{45038D82-D81F-4C78-8007-4299FD9F2823}"
EndProject
Project("{9A19103F-16F7-4668-BE54-9A1E7A4F7556}") = "Identity.Application", "Services\Identity\Identity.Application\Identity.Application.csproj", "{CFF3BFFD-7835-4641-9736-5263C7B9FAA4}"
EndProject
Project("{9A19103F-16F7-4668-BE54-9A1E7A4F7556}") = "Identity.Domain", "Services\Identity\Identity.Domain\Identity.Domain.csproj", "{38F7A257-C512-4E80-A460-1C73025B6548}"
EndProject
Project("{9A19103F-16F7-4668-BE54-9A1E7A4F7556}") = "Auth", "Shared\Auth\Auth.csproj", "{5BA67486-3C17-45A6-8604-3E384F1AE6EA}"
EndProject
Project("{9A19103F-16F7-4668-BE54-9A1E7A4F7556}") = "MessageService", "Services\MessageService\MessageService.csproj", "{B0EBF67B-17B3-471E-82C4-05EF08217EFF}"
EndProject
Global
	GlobalSection(SolutionConfigurationPlatforms) = preSolution
		Debug|Any CPU = Debug|Any CPU
		Release|Any CPU = Release|Any CPU
	EndGlobalSection
	GlobalSection(ProjectConfigurationPlatforms) = postSolution
		{B300E628-640B-4E10-B06E-1E2243B1B151}.Debug|Any CPU.ActiveCfg = Debug|Any CPU
		{B300E628-640B-4E10-B06E-1E2243B1B151}.Debug|Any CPU.Build.0 = Debug|Any CPU
		{B300E628-640B-4E10-B06E-1E2243B1B151}.Release|Any CPU.ActiveCfg = Release|Any CPU
		{B300E628-640B-4E10-B06E-1E2243B1B151}.Release|Any CPU.Build.0 = Release|Any CPU
		{AC6DE513-EFF6-411D-8854-0BB351524F06}.Debug|Any CPU.ActiveCfg = Debug|Any CPU
		{AC6DE513-EFF6-411D-8854-0BB351524F06}.Debug|Any CPU.Build.0 = Debug|Any CPU
		{AC6DE513-EFF6-411D-8854-0BB351524F06}.Release|Any CPU.ActiveCfg = Release|Any CPU
		{AC6DE513-EFF6-411D-8854-0BB351524F06}.Release|Any CPU.Build.0 = Release|Any CPU
		{4E204B8D-4C28-4A3D-8977-85E243F5DD3C}.Debug|Any CPU.ActiveCfg = Debug|Any CPU
		{4E204B8D-4C28-4A3D-8977-85E243F5DD3C}.Debug|Any CPU.Build.0 = Debug|Any CPU
		{4E204B8D-4C28-4A3D-8977-85E243F5DD3C}.Release|Any CPU.ActiveCfg = Release|Any CPU
		{4E204B8D-4C28-4A3D-8977-85E243F5DD3C}.Release|Any CPU.Build.0 = Release|Any CPU
		{2FB45980-9650-495F-9720-B9715BAFBCE9}.Debug|Any CPU.ActiveCfg = Debug|Any CPU
		{2FB45980-9650-495F-9720-B9715BAFBCE9}.Debug|Any CPU.Build.0 = Debug|Any CPU
		{2FB45980-9650-495F-9720-B9715BAFBCE9}.Release|Any CPU.ActiveCfg = Release|Any CPU
		{2FB45980-9650-495F-9720-B9715BAFBCE9}.Release|Any CPU.Build.0 = Release|Any CPU
		{45038D82-D81F-4C78-8007-4299FD9F2823}.Debug|Any CPU.ActiveCfg = Debug|Any CPU
		{45038D82-D81F-4C78-8007-4299FD9F2823}.Debug|Any CPU.Build.0 = Debug|Any CPU
		{45038D82-D81F-4C78-8007-4299FD9F2823}.Release|Any CPU.ActiveCfg = Release|Any CPU
		{45038D82-D81F-4C78-8007-4299FD9F2823}.Release|Any CPU.Build.0 = Release|Any CPU
		{CFF3BFFD-7835-4641-9736-5263C7B9FAA4}.Debug|Any CPU.ActiveCfg = Debug|Any CPU
		{CFF3BFFD-7835-4641-9736-5263C7B9FAA4}.Debug|Any CPU.Build.0 = Debug|Any CPU
		{CFF3BFFD-7835-4641-9736-5263C7B9FAA4}.Release|Any CPU.ActiveCfg = Release|Any CPU
		{CFF3BFFD-7835-4641-9736-5263C7B9FAA4}.Release|Any CPU.Build.0 = Release|Any CPU
		{38F7A257-C512-4E80-A460-1C73025B6548}.Debug|Any CPU.ActiveCfg = Debug|Any CPU
		{38F7A257-C512-4E80-A460-1C73025B6548}.Debug|Any CPU.Build.0 = Debug|Any CPU
		{38F7A257-C512-4E80-A460-1C73025B6548}.Release|Any CPU.ActiveCfg = Release|Any CPU
		{38F7A257-C512-4E80-A460-1C73025B6548}.Release|Any CPU.Build.0 = Release|Any CPU
		{5BA67486-3C17-45A6-8604-3E384F1AE6EA}.Debug|Any CPU.ActiveCfg = Debug|Any CPU
		{5BA67486-3C17-45A6-8604-3E384F1AE6EA}.Debug|Any CPU.Build.0 = Debug|Any CPU
		{5BA67486-3C17-45A6-8604-3E384F1AE6EA}.Release|Any CPU.ActiveCfg = Release|Any CPU
		{5BA67486-3C17-45A6-8604-3E384F1AE6EA}.Release|Any CPU.Build.0 = Release|Any CPU
		{B0EBF67B-17B3-471E-82C4-05EF08217EFF}.Debug|Any CPU.ActiveCfg = Debug|Any CPU
		{B0EBF67B-17B3-471E-82C4-05EF08217EFF}.Debug|Any CPU.Build.0 = Debug|Any CPU
		{B0EBF67B-17B3-471E-82C4-05EF08217EFF}.Release|Any CPU.ActiveCfg = Release|Any CPU
		{B0EBF67B-17B3-471E-82C4-05EF08217EFF}.Release|Any CPU.Build.0 = Release|Any CPU
	EndGlobalSection
	GlobalSection(SolutionProperties) = preSolution
		HideSolutionNode = FALSE
	EndGlobalSection
	GlobalSection(NestedProjects) = preSolution
		{AC6DE513-EFF6-411D-8854-0BB351524F06} = {2555B47B-C2F7-4FA7-BAB1-04A51213295B}
		{4E204B8D-4C28-4A3D-8977-85E243F5DD3C} = {B2F6D9F9-AB96-4CBE-B4A3-F9843EB6FBD6}
		{2FB45980-9650-495F-9720-B9715BAFBCE9} = {2555B47B-C2F7-4FA7-BAB1-04A51213295B}
		{A939D1B9-0C12-4205-BEA3-9C28BE09300E} = {B2F6D9F9-AB96-4CBE-B4A3-F9843EB6FBD6}
		{45038D82-D81F-4C78-8007-4299FD9F2823} = {A939D1B9-0C12-4205-BEA3-9C28BE09300E}
		{CFF3BFFD-7835-4641-9736-5263C7B9FAA4} = {A939D1B9-0C12-4205-BEA3-9C28BE09300E}
		{38F7A257-C512-4E80-A460-1C73025B6548} = {A939D1B9-0C12-4205-BEA3-9C28BE09300E}
		{5BA67486-3C17-45A6-8604-3E384F1AE6EA} = {2555B47B-C2F7-4FA7-BAB1-04A51213295B}
		{B0EBF67B-17B3-471E-82C4-05EF08217EFF} = {B2F6D9F9-AB96-4CBE-B4A3-F9843EB6FBD6}
	EndGlobalSection
	GlobalSection(ExtensibilityGlobals) = postSolution
		SolutionGuid = {39A95AFC-BD5F-47BB-8682-B9CAE928AA9A}
	EndGlobalSection
EndGlobal
